
Microsoft Visual Studio Solution File, Format Version 12.00
# Visual Studio Version 17
VisualStudioVersion = 17.5.33516.290
MinimumVisualStudioVersion = 10.0.40219.1
Project("{FAE04EC0-301F-11D3-BF4B-00C04F79EFBC}") = "Project.Rabbitmq.Consumer", "Project.Rabbitmq.Consumer\Project.Rabbitmq.Consumer.csproj", "{CA2E7320-1BAA-4FC3-B58A-45E9F2E09394}"
EndProject
Global
	GlobalSection(SolutionConfigurationPlatforms) = preSolution
		Debug|Any CPU = Debug|Any CPU
		Release|Any CPU = Release|Any CPU
	EndGlobalSection
	GlobalSection(ProjectConfigurationPlatforms) = postSolution
		{CA2E7320-1BAA-4FC3-B58A-45E9F2E09394}.Debug|Any CPU.ActiveCfg = Debug|Any CPU
		{CA2E7320-1BAA-4FC3-B58A-45E9F2E09394}.Debug|Any CPU.Build.0 = Debug|Any CPU
		{CA2E7320-1BAA-4FC3-B58A-45E9F2E09394}.Release|Any CPU.ActiveCfg = Release|Any CPU
		{CA2E7320-1BAA-4FC3-B58A-45E9F2E09394}.Release|Any CPU.Build.0 = Release|Any CPU
	EndGlobalSection
	GlobalSection(SolutionProperties) = preSolution
		HideSolutionNode = FALSE
	EndGlobalSection
	GlobalSection(ExtensibilityGlobals) = postSolution
		SolutionGuid = {9C62CFDE-0996-4AB2-B06D-67337205B6C1}
	EndGlobalSection
EndGlobal
